
Microsoft Visual Studio Solution File, Format Version 12.00
# Visual Studio Version 16
VisualStudioVersion = 16.0.30621.155
MinimumVisualStudioVersion = 10.0.40219.1
Project("{FAE04EC0-301F-11D3-BF4B-00C04F79EFBC}") = "RelationQuery", "RelationQuery\RelationQuery.csproj", "{02DBA071-EFB3-4BA4-8108-A7F381FEDF7E}"
EndProject
Global
	GlobalSection(SolutionConfigurationPlatforms) = preSolution
		Debug|Any CPU = Debug|Any CPU
		Release|Any CPU = Release|Any CPU
	EndGlobalSection
	GlobalSection(ProjectConfigurationPlatforms) = postSolution
		{02DBA071-EFB3-4BA4-8108-A7F381FEDF7E}.Debug|Any CPU.ActiveCfg = Debug|Any CPU
		{02DBA071-EFB3-4BA4-8108-A7F381FEDF7E}.Debug|Any CPU.Build.0 = Debug|Any CPU
		{02DBA071-EFB3-4BA4-8108-A7F381FEDF7E}.Release|Any CPU.ActiveCfg = Release|Any CPU
		{02DBA071-EFB3-4BA4-8108-A7F381FEDF7E}.Release|Any CPU.Build.0 = Release|Any CPU
	EndGlobalSection
	GlobalSection(SolutionProperties) = preSolution
		HideSolutionNode = FALSE
	EndGlobalSection
	GlobalSection(ExtensibilityGlobals) = postSolution
		SolutionGuid = {5C317AD1-AB27-4842-9EDF-2347102A1D1D}
	EndGlobalSection
EndGlobal
